
Microsoft Visual Studio Solution File, Format Version 12.00
# Visual Studio Version 16
VisualStudioVersion = 16.0.29728.190
MinimumVisualStudioVersion = 10.0.40219.1
Project("{FAE04EC0-301F-11D3-BF4B-00C04F79EFBC}") = "TuneReportViewer", "TuneReportViewer.csproj", "{9C33D9F9-454E-4577-85F8-59BDCB3C2521}"
EndProject
Global
	GlobalSection(SolutionConfigurationPlatforms) = preSolution
		Debug|Any CPU = Debug|Any CPU
		Release|Any CPU = Release|Any CPU
	EndGlobalSection
	GlobalSection(ProjectConfigurationPlatforms) = postSolution
		{9C33D9F9-454E-4577-85F8-59BDCB3C2521}.Debug|Any CPU.ActiveCfg = Debug|Any CPU
		{9C33D9F9-454E-4577-85F8-59BDCB3C2521}.Debug|Any CPU.Build.0 = Debug|Any CPU
		{9C33D9F9-454E-4577-85F8-59BDCB3C2521}.Release|Any CPU.ActiveCfg = Release|Any CPU
		{9C33D9F9-454E-4577-85F8-59BDCB3C2521}.Release|Any CPU.Build.0 = Release|Any CPU
	EndGlobalSection
	GlobalSection(SolutionProperties) = preSolution
		HideSolutionNode = FALSE
	EndGlobalSection
	GlobalSection(ExtensibilityGlobals) = postSolution
		SolutionGuid = {5AD8483C-119B-4D4E-9F1E-6D02C6876A80}
	EndGlobalSection
EndGlobal
